{
  "requires": true,
  "lockfileVersion": 1,
  "dependencies": {
    "x0popup": {
      "version": "0.3.3",
      "resolved": "https://registry.npmjs.org/x0popup/-/x0popup-0.3.3.tgz",
      "integrity": "sha512-GlfJiMeIkMwd0TyEv+uAj3YdHUtpG9VTvJsYLGbhhzfgapv6g3jcv3J+u6Q3HhVLKuXvooMWzHxHjJohKCV+Bw=="
    }
  }
}
